{
  "requires": true,
  "lockfileVersion": 1,
  "dependencies": {
    "qiniu-js": {
      "version": "2.5.3",
      "resolved": "https://registry.npmjs.org/qiniu-js/-/qiniu-js-2.5.3.tgz",
      "integrity": "sha512-PHrackGSagr5oPu/PhkipOVWWeGXowcUhtvBwviKlTeK7lnsBGsK1PD78RDJo9t2woXpeTu9m0LOYmlOsI6O3A=="
    }
  }
}
